
Microsoft Visual Studio Solution File, Format Version 12.00
# Visual Studio Version 16
VisualStudioVersion = 16.0.33027.164
MinimumVisualStudioVersion = 10.0.40219.1
Project("{FAE04EC0-301F-11D3-BF4B-00C04F79EFBC}") = "NewEmployee", "NewEmployee\NewEmployee.csproj", "{95FB0C96-F59F-4D76-A36A-243B6C0C661E}"
EndProject
Global
	GlobalSection(SolutionConfigurationPlatforms) = preSolution
		Debug|Any CPU = Debug|Any CPU
		Release|Any CPU = Release|Any CPU
	EndGlobalSection
	GlobalSection(ProjectConfigurationPlatforms) = postSolution
		{95FB0C96-F59F-4D76-A36A-243B6C0C661E}.Debug|Any CPU.ActiveCfg = Debug|Any CPU
		{95FB0C96-F59F-4D76-A36A-243B6C0C661E}.Debug|Any CPU.Build.0 = Debug|Any CPU
		{95FB0C96-F59F-4D76-A36A-243B6C0C661E}.Release|Any CPU.ActiveCfg = Release|Any CPU
		{95FB0C96-F59F-4D76-A36A-243B6C0C661E}.Release|Any CPU.Build.0 = Release|Any CPU
	EndGlobalSection
	GlobalSection(SolutionProperties) = preSolution
		HideSolutionNode = FALSE
	EndGlobalSection
	GlobalSection(ExtensibilityGlobals) = postSolution
		SolutionGuid = {47FEDC35-CC51-4173-AB18-6B530ED94729}
	EndGlobalSection
EndGlobal
